
Microsoft Visual Studio Solution File, Format Version 12.00
# Visual Studio 14
VisualStudioVersion = 14.0.25420.1
MinimumVisualStudioVersion = 10.0.40219.1
Project("{FAE04EC0-301F-11D3-BF4B-00C04F79EFBC}") = "Angular_Starter", "Angular_Starter\Angular_Starter.csproj", "{7ABF0204-226F-433D-A150-A06D2476D15D}"
EndProject
Project("{FAE04EC0-301F-11D3-BF4B-00C04F79EFBC}") = "employeeWebApi", "employeeWebApi\employeeWebApi.csproj", "{096ACB1C-A684-4422-AB69-3D0390ED4AFA}"
EndProject
Global
	GlobalSection(SolutionConfigurationPlatforms) = preSolution
		Debug|Any CPU = Debug|Any CPU
		Release|Any CPU = Release|Any CPU
	EndGlobalSection
	GlobalSection(ProjectConfigurationPlatforms) = postSolution
		{7ABF0204-226F-433D-A150-A06D2476D15D}.Debug|Any CPU.ActiveCfg = Debug|Any CPU
		{7ABF0204-226F-433D-A150-A06D2476D15D}.Debug|Any CPU.Build.0 = Debug|Any CPU
		{7ABF0204-226F-433D-A150-A06D2476D15D}.Release|Any CPU.ActiveCfg = Release|Any CPU
		{7ABF0204-226F-433D-A150-A06D2476D15D}.Release|Any CPU.Build.0 = Release|Any CPU
		{096ACB1C-A684-4422-AB69-3D0390ED4AFA}.Debug|Any CPU.ActiveCfg = Debug|Any CPU
		{096ACB1C-A684-4422-AB69-3D0390ED4AFA}.Debug|Any CPU.Build.0 = Debug|Any CPU
		{096ACB1C-A684-4422-AB69-3D0390ED4AFA}.Release|Any CPU.ActiveCfg = Release|Any CPU
		{096ACB1C-A684-4422-AB69-3D0390ED4AFA}.Release|Any CPU.Build.0 = Release|Any CPU
	EndGlobalSection
	GlobalSection(SolutionProperties) = preSolution
		HideSolutionNode = FALSE
	EndGlobalSection
EndGlobal
